# yarn lockfile v1


"@adiwajshing/baileys@^4.0.1":
  version "4.0.1"
  resolved "https://registry.yarnpkg.com/@adiwajshing/baileys/-/baileys-4.0.1.tgz#925d56e0811c7bf6d23c5446f7798ab86bc576fe"
  integrity sha512-kofB9XUgv5zDYa7v6ZR+4nrddAL/M7ZdjbYfPd6ijVAm0WC6uowT7jLIw7FGfhZ142qJ3i67wgLrAsjVzrvsnw==
  dependencies:
    "@hapi/boom" "^9.1.3"
    axios "^0.24.0"
    curve25519-js "^0.0.4"
    libsignal "git+https://github.com/adiwajshing/libsignal-node"
    music-metadata "^7.4.1"
    node-cache "^5.1.2"
pino "^7.0.0"
    protobufjs "^6.10.1"
    ws "^8.0.0"

"@adiwajshing/keyed-db@^0.2.4":
  version "0.2.4"
  resolved "https://registry.yarnpkg.com/@adiwajshing/keyed-db/-/keyed-db-0.2.4.tgz#2a09e88fce20b2672deb60a7750c5fe3ab0dfd99"
  integrity sha512-yprSnAtj80/VKuDqRcFFLDYltoNV8tChNwFfIgcf6PGD4sjzWIBgs08pRuTqGH5mk5wgL6PBRSsMCZqtZwzFEw==

"@babel/runtime@^7.7.2":
  version "7.17.2"
  resolved "https://registry.yarnpkg.com/@babel/runtime/-/runtime-7.17.2.tgz#66f68591605e59da47523c631416b18508779941"
  integrity sha512-hzeyJyMA1YGdJTuWU0e/j4wKXrU4OMFvY2MSlaI9B7VQb0r5cxTE3EAIS2Q7Tn2RIcDkRvTA/v2JsAEhxe99uw==
  dependencies:
    regenerator-runtime "^0.13.4"

"@hapi/boom@^9.1.3":
  version "9.1.4"
  resolved "https://registry.yarnpkg.com/@hapi/boom/-/boom-9.1.4.tgz#1f9dad367c6a7da9f8def24b4a986fc5a7bd9db6"
  integrity sha512-Ls1oH8jaN1vNsqcaHVYJrKmgMcKsC1wcp8bujvXrHaAqD2iDYq3HoOwsxwo09Cuda5R5nC0o0IxlrlTuvPuzSw==
  dependencies:
    "@hapi/hoek" "9.x.x"
"@hapi/hoek@9.x.x":
  version "9.2.1"
  resolved "https://registry.yarnpkg.com/@hapi/hoek/-/hoek-9.2.1.tgz#9551142a1980503752536b5050fd99f4a7f13b17"
  integrity sha512-gfta+H8aziZsm8pZa0vj04KO6biEiisppNgA1kbJvFrrWu9Vm7eaUEy76DIxsuTaWvti5fkJVhllWc6ZTE+Mdw==

"@jimp/bmp@^0.16.1":
  version "0.16.1"
  resolved "https://registry.yarnpkg.com/@jimp/bmp/-/bmp-0.16.1.tgz#6e2da655b2ba22e721df0795423f34e92ef13768"
  integrity sha512-iwyNYQeBawrdg/f24x3pQ5rEx+/GwjZcCXd3Kgc+ZUd+Ivia7sIqBsOnDaMZdKCBPlfW364ekexnlOqyVa0NWg==
  dependencies:
    "@babel/runtime" "^7.7.2"
    "@jimp/utils" "^0.16.1"
    bmp-js "^0.1.0"

"@jimp/core@^0.16.1":
  version "0.16.1"
  resolved "https://registry.yarnpkg.com/@jimp/core/-/core-0.16.1.tgz#68c4288f6ef7f31a0f6b859ba3fb28dae930d39d"
  integrity sha512-la7kQia31V6kQ4q1kI/uLimu8FXx7imWVajDGtwUG8fzePLWDFJyZl0fdIXVCL1JW2nBcRHidUot6jvlRDi2+g==
  dependencies:
    "@babel/runtime" "^7.7.2"
    "@jimp/utils" "^0.16.1"
    any-base "^1.1.0"
    buffer "^5.2.0"
    exif-parser "^0.1.12"
    file-type "^9.0.0"
    load-bmfont "^1.3.1"
    mkdirp "^0.5.1"
    phin "^2.9.1"
    pixelmatch "^4.0.2"
    tinycolor2 "^1.4.1"
"@jimp/core@^0.16.1":
  version "0.16.1"
  resolved "https://registry.yarnpkg.com/@jimp/core/-/core-0.16.1.tgz#68c4288f6ef7f31a0f6b859ba3fb28dae930d39d"
  integrity sha512-la7kQia31V6kQ4q1kI/uLimu8FXx7imWVajDGtwUG8fzePLWDFJyZl0fdIXVCL1JW2nBcRHidUot6jvlRDi2+g==
  dependencies:
    "@babel/runtime" "^7.7.2"
    "@jimp/utils" "^0.16.1"
    any-base "^1.1.0"
    buffer "^5.2.0"
    exif-parser "^0.1.12"
    file-type "^9.0.0"
    load-bmfont "^1.3.1"
    mkdirp "^0.5.1"
    phin "^2.9.1"
    pixelmatch "^4.0.2"
    tinycolor2 "^1.4.1"

"@jimp/custom@^0.16.1":
  version "0.16.1"
  resolved "https://registry.yarnpkg.com/@jimp/custom/-/custom-0.16.1.tgz#28b659c59e20a1d75a0c46067bd3f4bd302cf9c5"
  integrity sha512-DNUAHNSiUI/j9hmbatD6WN/EBIyeq4AO0frl5ETtt51VN1SvE4t4v83ZA/V6ikxEf3hxLju4tQ5Pc3zmZkN/3A==
  dependencies:
    "@babel/runtime" "^7.7.2"
    "@jimp/core" "^0.16.1"

"@jimp/gif@^0.16.1":
  version "0.16.1"
  resolved "https://registry.yarnpkg.com/@jimp/gif/-/gif-0.16.1.tgz#d1f7c3a58f4666482750933af8b8f4666414f3ca"
  integrity sha512-r/1+GzIW1D5zrP4tNrfW+3y4vqD935WBXSc8X/wm23QTY9aJO9Lw6PEdzpYCEY+SOklIFKaJYUAq/Nvgm/9ryw==
  dependencies:
    "@babel/runtime" "^7.7.2"
    "@jimp/utils" "^0.16.1"
    gifwrap "^0.9.2"
    omggif "^1.0.9"

"@jimp/jpeg@^0.16.1":
  version "0.16.1"
  resolved "https://registry.yarnpkg.com/@jimp/jpeg/-/jpeg-0.16.1.tgz#3b7bb08a4173f2f6d81f3049b251df3ee2ac8175"
  integrity sha512-8352zrdlCCLFdZ/J+JjBslDvml+fS3Z8gttdml0We759PnnZGqrnPRhkOEOJbNUlE+dD4ckLeIe6NPxlS/7U+w==
  dependencies:
    "@babel/runtime" "^7.7.2"
    "@jimp/utils" "^0.16.1"
    jpeg-js "0.4.2"

"@jimp/plugin-blit@^0.16.1":
  version "0.16.1"
  resolved "https://registry.yarnpkg.com/@jimp/plugin-blit/-/plugin-blit-0.16.1.tgz#09ea919f9d326de3b9c2826fe4155da37dde8edb"
  integrity sha512-fKFNARm32RoLSokJ8WZXHHH2CGzz6ire2n1Jh6u+XQLhk9TweT1DcLHIXwQMh8oR12KgjbgsMGvrMVlVknmOAg==
  dependencies:
    "@babel/runtime" "^7.7.2"
    "@jimp/utils" "^0.16.1"

"@jimp/plugin-blur@^0.16.1":
  version "0.16.1"
  resolved "https://registry.yarnpkg.com/@jimp/plugin-blur/-/plugin-blur-0.16.1.tgz#e614fa002797dcd662e705d4cea376e7db968bf5"
  integrity sha512-1WhuLGGj9MypFKRcPvmW45ht7nXkOKu+lg3n2VBzIB7r4kKNVchuI59bXaCYQumOLEqVK7JdB4glaDAbCQCLyw==
  dependencies:
    "@babel/runtime" "^7.7.2"
    "@jimp/utils" "^0.16.1"

"@jimp/plugin-circle@^0.16.1":
  version "0.16.1"
  resolved "https://registry.yarnpkg.com/@jimp/plugin-circle/-/plugin-circle-0.16.1.tgz#20e3194a67ca29740aba2630fd4d0a89afa27491"
  integrity sha512-JK7yi1CIU7/XL8hdahjcbGA3V7c+F+Iw+mhMQhLEi7Q0tCnZ69YJBTamMiNg3fWPVfMuvWJJKOBRVpwNTuaZRg==
  dependencies:
    "@babel/runtime" "^7.7.2"
    "@jimp/utils" "^0.16.1"
